
Microsoft Visual Studio Solution File, Format Version 12.00
# Visual Studio 15
VisualStudioVersion = 15.0.27703.2000
MinimumVisualStudioVersion = 10.0.40219.1
Project("{FAE04EC0-301F-11D3-BF4B-00C04F79EFBC}") = "MyTools", "MyTools\MyTools.csproj", "{059B5B5D-F6B6-4573-91B2-DE542EFB3892}"
EndProject
Project("{FAE04EC0-301F-11D3-BF4B-00C04F79EFBC}") = "MyToolsApplication", "MyToolsApplication\MyToolsApplication.csproj", "{C78C333E-57D5-46B5-8E28-6FE4ACC94E7D}"
EndProject
Project("{FAE04EC0-301F-11D3-BF4B-00C04F79EFBC}") = "Opdracht2", "Opdracht2\Opdracht2.csproj", "{0CFD8AEE-4C72-46E3-9547-ECE32C4AAE8D}"
EndProject
Project("{FAE04EC0-301F-11D3-BF4B-00C04F79EFBC}") = "CandyCrushLogica", "CandyCrushLogica\CandyCrushLogica.csproj", "{4E899CB9-87C2-4EF4-98CD-E5F8FD53610A}"
EndProject
Project("{FAE04EC0-301F-11D3-BF4B-00C04F79EFBC}") = "Opdracht3Vertalen", "Opdracht3Vertalen\Opdracht3Vertalen.csproj", "{F4370625-9FE0-4896-9DFD-D6291BFD3B98}"
EndProject
Project("{FAE04EC0-301F-11D3-BF4B-00C04F79EFBC}") = "Opdracht4 Lingo", "Opdracht4 Lingo\Opdracht4 Lingo.csproj", "{11AE142F-7901-413A-853E-BB678A4583BC}"
EndProject
Global
	GlobalSection(SolutionConfigurationPlatforms) = preSolution
		Debug|Any CPU = Debug|Any CPU
		Release|Any CPU = Release|Any CPU
	EndGlobalSection
	GlobalSection(ProjectConfigurationPlatforms) = postSolution
		{059B5B5D-F6B6-4573-91B2-DE542EFB3892}.Debug|Any CPU.ActiveCfg = Debug|Any CPU
		{059B5B5D-F6B6-4573-91B2-DE542EFB3892}.Debug|Any CPU.Build.0 = Debug|Any CPU
		{059B5B5D-F6B6-4573-91B2-DE542EFB3892}.Release|Any CPU.ActiveCfg = Release|Any CPU
		{059B5B5D-F6B6-4573-91B2-DE542EFB3892}.Release|Any CPU.Build.0 = Release|Any CPU
		{C78C333E-57D5-46B5-8E28-6FE4ACC94E7D}.Debug|Any CPU.ActiveCfg = Debug|Any CPU
		{C78C333E-57D5-46B5-8E28-6FE4ACC94E7D}.Debug|Any CPU.Build.0 = Debug|Any CPU
		{C78C333E-57D5-46B5-8E28-6FE4ACC94E7D}.Release|Any CPU.ActiveCfg = Release|Any CPU
		{C78C333E-57D5-46B5-8E28-6FE4ACC94E7D}.Release|Any CPU.Build.0 = Release|Any CPU
		{0CFD8AEE-4C72-46E3-9547-ECE32C4AAE8D}.Debug|Any CPU.ActiveCfg = Debug|Any CPU
		{0CFD8AEE-4C72-46E3-9547-ECE32C4AAE8D}.Debug|Any CPU.Build.0 = Debug|Any CPU
		{0CFD8AEE-4C72-46E3-9547-ECE32C4AAE8D}.Release|Any CPU.ActiveCfg = Release|Any CPU
		{0CFD8AEE-4C72-46E3-9547-ECE32C4AAE8D}.Release|Any CPU.Build.0 = Release|Any CPU
		{4E899CB9-87C2-4EF4-98CD-E5F8FD53610A}.Debug|Any CPU.ActiveCfg = Debug|Any CPU
		{4E899CB9-87C2-4EF4-98CD-E5F8FD53610A}.Debug|Any CPU.Build.0 = Debug|Any CPU
		{4E899CB9-87C2-4EF4-98CD-E5F8FD53610A}.Release|Any CPU.ActiveCfg = Release|Any CPU
		{4E899CB9-87C2-4EF4-98CD-E5F8FD53610A}.Release|Any CPU.Build.0 = Release|Any CPU
		{F4370625-9FE0-4896-9DFD-D6291BFD3B98}.Debug|Any CPU.ActiveCfg = Debug|Any CPU
		{F4370625-9FE0-4896-9DFD-D6291BFD3B98}.Debug|Any CPU.Build.0 = Debug|Any CPU
		{F4370625-9FE0-4896-9DFD-D6291BFD3B98}.Release|Any CPU.ActiveCfg = Release|Any CPU
		{F4370625-9FE0-4896-9DFD-D6291BFD3B98}.Release|Any CPU.Build.0 = Release|Any CPU
		{11AE142F-7901-413A-853E-BB678A4583BC}.Debug|Any CPU.ActiveCfg = Debug|Any CPU
		{11AE142F-7901-413A-853E-BB678A4583BC}.Debug|Any CPU.Build.0 = Debug|Any CPU
		{11AE142F-7901-413A-853E-BB678A4583BC}.Release|Any CPU.ActiveCfg = Release|Any CPU
		{11AE142F-7901-413A-853E-BB678A4583BC}.Release|Any CPU.Build.0 = Release|Any CPU
	EndGlobalSection
	GlobalSection(SolutionProperties) = preSolution
		HideSolutionNode = FALSE
	EndGlobalSection
	GlobalSection(ExtensibilityGlobals) = postSolution
		SolutionGuid = {455B4A75-2D5D-4EEC-9C05-9B0980D7BC9A}
	EndGlobalSection
EndGlobal
