
Microsoft Visual Studio Solution File, Format Version 12.00
# Visual Studio 15
VisualStudioVersion = 15.0.27703.2000
MinimumVisualStudioVersion = 10.0.40219.1
Project("{FAE04EC0-301F-11D3-BF4B-00C04F79EFBC}") = "Opdracht1", "Opdracht1\Opdracht1.csproj", "{7640E703-C692-46A9-8DFD-9A7725AA30F1}"
EndProject
Global
	GlobalSection(SolutionConfigurationPlatforms) = preSolution
		Debug|Any CPU = Debug|Any CPU
		Release|Any CPU = Release|Any CPU
	EndGlobalSection
	GlobalSection(ProjectConfigurationPlatforms) = postSolution
		{7640E703-C692-46A9-8DFD-9A7725AA30F1}.Debug|Any CPU.ActiveCfg = Debug|Any CPU
		{7640E703-C692-46A9-8DFD-9A7725AA30F1}.Debug|Any CPU.Build.0 = Debug|Any CPU
		{7640E703-C692-46A9-8DFD-9A7725AA30F1}.Release|Any CPU.ActiveCfg = Release|Any CPU
		{7640E703-C692-46A9-8DFD-9A7725AA30F1}.Release|Any CPU.Build.0 = Release|Any CPU
	EndGlobalSection
	GlobalSection(SolutionProperties) = preSolution
		HideSolutionNode = FALSE
	EndGlobalSection
	GlobalSection(ExtensibilityGlobals) = postSolution
		SolutionGuid = {2BE644C7-B71E-4784-B10D-755C8C4EA87F}
	EndGlobalSection
EndGlobal
