
Microsoft Visual Studio Solution File, Format Version 12.00
# Visual Studio 15
VisualStudioVersion = 15.0.27703.2000
MinimumVisualStudioVersion = 10.0.40219.1
Project("{FAE04EC0-301F-11D3-BF4B-00C04F79EFBC}") = "Opdracht1", "Opdracht1\Opdracht1.csproj", "{2C786234-72F5-449E-978C-EFA9F7D637C8}"
EndProject
Global
	GlobalSection(SolutionConfigurationPlatforms) = preSolution
		Debug|Any CPU = Debug|Any CPU
		Release|Any CPU = Release|Any CPU
	EndGlobalSection
	GlobalSection(ProjectConfigurationPlatforms) = postSolution
		{2C786234-72F5-449E-978C-EFA9F7D637C8}.Debug|Any CPU.ActiveCfg = Debug|Any CPU
		{2C786234-72F5-449E-978C-EFA9F7D637C8}.Debug|Any CPU.Build.0 = Debug|Any CPU
		{2C786234-72F5-449E-978C-EFA9F7D637C8}.Release|Any CPU.ActiveCfg = Release|Any CPU
		{2C786234-72F5-449E-978C-EFA9F7D637C8}.Release|Any CPU.Build.0 = Release|Any CPU
	EndGlobalSection
	GlobalSection(SolutionProperties) = preSolution
		HideSolutionNode = FALSE
	EndGlobalSection
	GlobalSection(ExtensibilityGlobals) = postSolution
		SolutionGuid = {10AB24CC-80DB-487A-8D9A-87CA559C0E2C}
	EndGlobalSection
EndGlobal
