
Microsoft Visual Studio Solution File, Format Version 12.00
# Visual Studio 15
VisualStudioVersion = 15.0.27703.2000
MinimumVisualStudioVersion = 10.0.40219.1
Project("{FAE04EC0-301F-11D3-BF4B-00C04F79EFBC}") = "Opdracht1", "Opdracht1\Opdracht1.csproj", "{EAC2CF60-FC2F-4185-9DA3-2FCF91786FAF}"
EndProject
Project("{FAE04EC0-301F-11D3-BF4B-00C04F79EFBC}") = "Opdracht2", "Opdracht2\Opdracht2.csproj", "{844D168E-F7E1-476C-AC80-BB23EC9F4E88}"
EndProject
Project("{FAE04EC0-301F-11D3-BF4B-00C04F79EFBC}") = "Opdracht3", "Opdracht3\Opdracht3.csproj", "{13939C3E-D1CF-4129-98D0-28E6F798878F}"
EndProject
Project("{FAE04EC0-301F-11D3-BF4B-00C04F79EFBC}") = "Opdracht4", "Opdracht4\Opdracht4.csproj", "{475D51E7-487A-4B5A-8D2E-A5ED6256CBF8}"
EndProject
Project("{FAE04EC0-301F-11D3-BF4B-00C04F79EFBC}") = "Opdracht5", "Opdracht5\Opdracht5.csproj", "{CB7DB184-E331-4B9F-84D9-033548B54E30}"
EndProject
Project("{FAE04EC0-301F-11D3-BF4B-00C04F79EFBC}") = "Opdracht6", "Opdracht6\Opdracht6.csproj", "{11E5BF0F-D6C7-47D8-8774-FED8BE3E8408}"
EndProject
Project("{FAE04EC0-301F-11D3-BF4B-00C04F79EFBC}") = "Opdracht7", "Opdracht7\Opdracht7.csproj", "{3025C892-7E11-4A31-9C0C-BA80028E4347}"
EndProject
Global
	GlobalSection(SolutionConfigurationPlatforms) = preSolution
		Debug|Any CPU = Debug|Any CPU
		Release|Any CPU = Release|Any CPU
	EndGlobalSection
	GlobalSection(ProjectConfigurationPlatforms) = postSolution
		{EAC2CF60-FC2F-4185-9DA3-2FCF91786FAF}.Debug|Any CPU.ActiveCfg = Debug|Any CPU
		{EAC2CF60-FC2F-4185-9DA3-2FCF91786FAF}.Debug|Any CPU.Build.0 = Debug|Any CPU
		{EAC2CF60-FC2F-4185-9DA3-2FCF91786FAF}.Release|Any CPU.ActiveCfg = Release|Any CPU
		{EAC2CF60-FC2F-4185-9DA3-2FCF91786FAF}.Release|Any CPU.Build.0 = Release|Any CPU
		{844D168E-F7E1-476C-AC80-BB23EC9F4E88}.Debug|Any CPU.ActiveCfg = Debug|Any CPU
		{844D168E-F7E1-476C-AC80-BB23EC9F4E88}.Debug|Any CPU.Build.0 = Debug|Any CPU
		{844D168E-F7E1-476C-AC80-BB23EC9F4E88}.Release|Any CPU.ActiveCfg = Release|Any CPU
		{844D168E-F7E1-476C-AC80-BB23EC9F4E88}.Release|Any CPU.Build.0 = Release|Any CPU
		{13939C3E-D1CF-4129-98D0-28E6F798878F}.Debug|Any CPU.ActiveCfg = Debug|Any CPU
		{13939C3E-D1CF-4129-98D0-28E6F798878F}.Debug|Any CPU.Build.0 = Debug|Any CPU
		{13939C3E-D1CF-4129-98D0-28E6F798878F}.Release|Any CPU.ActiveCfg = Release|Any CPU
		{13939C3E-D1CF-4129-98D0-28E6F798878F}.Release|Any CPU.Build.0 = Release|Any CPU
		{475D51E7-487A-4B5A-8D2E-A5ED6256CBF8}.Debug|Any CPU.ActiveCfg = Debug|Any CPU
		{475D51E7-487A-4B5A-8D2E-A5ED6256CBF8}.Debug|Any CPU.Build.0 = Debug|Any CPU
		{475D51E7-487A-4B5A-8D2E-A5ED6256CBF8}.Release|Any CPU.ActiveCfg = Release|Any CPU
		{475D51E7-487A-4B5A-8D2E-A5ED6256CBF8}.Release|Any CPU.Build.0 = Release|Any CPU
		{CB7DB184-E331-4B9F-84D9-033548B54E30}.Debug|Any CPU.ActiveCfg = Debug|Any CPU
		{CB7DB184-E331-4B9F-84D9-033548B54E30}.Debug|Any CPU.Build.0 = Debug|Any CPU
		{CB7DB184-E331-4B9F-84D9-033548B54E30}.Release|Any CPU.ActiveCfg = Release|Any CPU
		{CB7DB184-E331-4B9F-84D9-033548B54E30}.Release|Any CPU.Build.0 = Release|Any CPU
		{11E5BF0F-D6C7-47D8-8774-FED8BE3E8408}.Debug|Any CPU.ActiveCfg = Debug|Any CPU
		{11E5BF0F-D6C7-47D8-8774-FED8BE3E8408}.Debug|Any CPU.Build.0 = Debug|Any CPU
		{11E5BF0F-D6C7-47D8-8774-FED8BE3E8408}.Release|Any CPU.ActiveCfg = Release|Any CPU
		{11E5BF0F-D6C7-47D8-8774-FED8BE3E8408}.Release|Any CPU.Build.0 = Release|Any CPU
		{3025C892-7E11-4A31-9C0C-BA80028E4347}.Debug|Any CPU.ActiveCfg = Debug|Any CPU
		{3025C892-7E11-4A31-9C0C-BA80028E4347}.Debug|Any CPU.Build.0 = Debug|Any CPU
		{3025C892-7E11-4A31-9C0C-BA80028E4347}.Release|Any CPU.ActiveCfg = Release|Any CPU
		{3025C892-7E11-4A31-9C0C-BA80028E4347}.Release|Any CPU.Build.0 = Release|Any CPU
	EndGlobalSection
	GlobalSection(SolutionProperties) = preSolution
		HideSolutionNode = FALSE
	EndGlobalSection
	GlobalSection(ExtensibilityGlobals) = postSolution
		SolutionGuid = {FD0DE8C0-8419-4A24-9403-28CD41B9A60C}
	EndGlobalSection
EndGlobal
