
Microsoft Visual Studio Solution File, Format Version 12.00
# Visual Studio Version 16
VisualStudioVersion = 16.0.28803.156
MinimumVisualStudioVersion = 10.0.40219.1
Project("{FAE04EC0-301F-11D3-BF4B-00C04F79EFBC}") = "Opdracht1", "Opdracht1\Opdracht1.csproj", "{0C811341-60A9-44FC-B46E-4D44A0B034EA}"
EndProject
Global
	GlobalSection(SolutionConfigurationPlatforms) = preSolution
		Debug|Any CPU = Debug|Any CPU
		Release|Any CPU = Release|Any CPU
	EndGlobalSection
	GlobalSection(ProjectConfigurationPlatforms) = postSolution
		{0C811341-60A9-44FC-B46E-4D44A0B034EA}.Debug|Any CPU.ActiveCfg = Debug|Any CPU
		{0C811341-60A9-44FC-B46E-4D44A0B034EA}.Debug|Any CPU.Build.0 = Debug|Any CPU
		{0C811341-60A9-44FC-B46E-4D44A0B034EA}.Release|Any CPU.ActiveCfg = Release|Any CPU
		{0C811341-60A9-44FC-B46E-4D44A0B034EA}.Release|Any CPU.Build.0 = Release|Any CPU
	EndGlobalSection
	GlobalSection(SolutionProperties) = preSolution
		HideSolutionNode = FALSE
	EndGlobalSection
	GlobalSection(ExtensibilityGlobals) = postSolution
		SolutionGuid = {1B88F3C4-A5BA-4643-AA3D-190F0E30327F}
	EndGlobalSection
EndGlobal
