
Microsoft Visual Studio Solution File, Format Version 12.00
# Visual Studio 15
VisualStudioVersion = 15.0.27703.2000
MinimumVisualStudioVersion = 10.0.40219.1
Project("{9A19103F-16F7-4668-BE54-9A1E7A4F7556}") = "Opdracht1", "Opdracht1\Opdracht1.csproj", "{FE178C32-2706-4520-8F49-2AAB3E3A954D}"
EndProject
Project("{9A19103F-16F7-4668-BE54-9A1E7A4F7556}") = "Opdracht2", "Opdracht2\Opdracht2.csproj", "{15861DE8-DBB5-40B7-ABD5-922C49C44F0E}"
EndProject
Project("{9A19103F-16F7-4668-BE54-9A1E7A4F7556}") = "Opdracht3", "Opdracht3\Opdracht3.csproj", "{7650AF56-5D63-4E2E-A8FE-9875637EED24}"
EndProject
Project("{FAE04EC0-301F-11D3-BF4B-00C04F79EFBC}") = "Opdracht4", "Opdracht4\Opdracht4.csproj", "{B4CAB4AC-C436-4E8D-8BAF-DE3506A5CE6D}"
EndProject
Global
	GlobalSection(SolutionConfigurationPlatforms) = preSolution
		Debug|Any CPU = Debug|Any CPU
		Release|Any CPU = Release|Any CPU
	EndGlobalSection
	GlobalSection(ProjectConfigurationPlatforms) = postSolution
		{FE178C32-2706-4520-8F49-2AAB3E3A954D}.Debug|Any CPU.ActiveCfg = Debug|Any CPU
		{FE178C32-2706-4520-8F49-2AAB3E3A954D}.Debug|Any CPU.Build.0 = Debug|Any CPU
		{FE178C32-2706-4520-8F49-2AAB3E3A954D}.Release|Any CPU.ActiveCfg = Release|Any CPU
		{FE178C32-2706-4520-8F49-2AAB3E3A954D}.Release|Any CPU.Build.0 = Release|Any CPU
		{15861DE8-DBB5-40B7-ABD5-922C49C44F0E}.Debug|Any CPU.ActiveCfg = Debug|Any CPU
		{15861DE8-DBB5-40B7-ABD5-922C49C44F0E}.Debug|Any CPU.Build.0 = Debug|Any CPU
		{15861DE8-DBB5-40B7-ABD5-922C49C44F0E}.Release|Any CPU.ActiveCfg = Release|Any CPU
		{15861DE8-DBB5-40B7-ABD5-922C49C44F0E}.Release|Any CPU.Build.0 = Release|Any CPU
		{7650AF56-5D63-4E2E-A8FE-9875637EED24}.Debug|Any CPU.ActiveCfg = Debug|Any CPU
		{7650AF56-5D63-4E2E-A8FE-9875637EED24}.Debug|Any CPU.Build.0 = Debug|Any CPU
		{7650AF56-5D63-4E2E-A8FE-9875637EED24}.Release|Any CPU.ActiveCfg = Release|Any CPU
		{7650AF56-5D63-4E2E-A8FE-9875637EED24}.Release|Any CPU.Build.0 = Release|Any CPU
		{B4CAB4AC-C436-4E8D-8BAF-DE3506A5CE6D}.Debug|Any CPU.ActiveCfg = Debug|Any CPU
		{B4CAB4AC-C436-4E8D-8BAF-DE3506A5CE6D}.Debug|Any CPU.Build.0 = Debug|Any CPU
		{B4CAB4AC-C436-4E8D-8BAF-DE3506A5CE6D}.Release|Any CPU.ActiveCfg = Release|Any CPU
		{B4CAB4AC-C436-4E8D-8BAF-DE3506A5CE6D}.Release|Any CPU.Build.0 = Release|Any CPU
	EndGlobalSection
	GlobalSection(SolutionProperties) = preSolution
		HideSolutionNode = FALSE
	EndGlobalSection
	GlobalSection(ExtensibilityGlobals) = postSolution
		SolutionGuid = {03A327C1-A033-4994-8DF8-F6C8A7D1C92B}
	EndGlobalSection
EndGlobal
