
Microsoft Visual Studio Solution File, Format Version 12.00
# Visual Studio 15
VisualStudioVersion = 15.0.28307.572
MinimumVisualStudioVersion = 10.0.40219.1
Project("{FAE04EC0-301F-11D3-BF4B-00C04F79EFBC}") = "Opdracht1", "Opdracht1\Opdracht1.csproj", "{C92971A5-46A8-40A7-A2A1-7D45FE08DB72}"
EndProject
Project("{FAE04EC0-301F-11D3-BF4B-00C04F79EFBC}") = "Opdracht2", "Opdracht2\Opdracht2.csproj", "{91DBE7E9-5106-46F3-88E5-8721660BC843}"
EndProject
Project("{FAE04EC0-301F-11D3-BF4B-00C04F79EFBC}") = "Opdracht3", "Opdracht3\Opdracht3.csproj", "{EBE66FEB-CF94-4869-824F-9650A76D88A6}"
EndProject
Global
	GlobalSection(SolutionConfigurationPlatforms) = preSolution
		Debug|Any CPU = Debug|Any CPU
		Release|Any CPU = Release|Any CPU
	EndGlobalSection
	GlobalSection(ProjectConfigurationPlatforms) = postSolution
		{C92971A5-46A8-40A7-A2A1-7D45FE08DB72}.Debug|Any CPU.ActiveCfg = Debug|Any CPU
		{C92971A5-46A8-40A7-A2A1-7D45FE08DB72}.Debug|Any CPU.Build.0 = Debug|Any CPU
		{C92971A5-46A8-40A7-A2A1-7D45FE08DB72}.Release|Any CPU.ActiveCfg = Release|Any CPU
		{C92971A5-46A8-40A7-A2A1-7D45FE08DB72}.Release|Any CPU.Build.0 = Release|Any CPU
		{91DBE7E9-5106-46F3-88E5-8721660BC843}.Debug|Any CPU.ActiveCfg = Debug|Any CPU
		{91DBE7E9-5106-46F3-88E5-8721660BC843}.Debug|Any CPU.Build.0 = Debug|Any CPU
		{91DBE7E9-5106-46F3-88E5-8721660BC843}.Release|Any CPU.ActiveCfg = Release|Any CPU
		{91DBE7E9-5106-46F3-88E5-8721660BC843}.Release|Any CPU.Build.0 = Release|Any CPU
		{EBE66FEB-CF94-4869-824F-9650A76D88A6}.Debug|Any CPU.ActiveCfg = Debug|Any CPU
		{EBE66FEB-CF94-4869-824F-9650A76D88A6}.Debug|Any CPU.Build.0 = Debug|Any CPU
		{EBE66FEB-CF94-4869-824F-9650A76D88A6}.Release|Any CPU.ActiveCfg = Release|Any CPU
		{EBE66FEB-CF94-4869-824F-9650A76D88A6}.Release|Any CPU.Build.0 = Release|Any CPU
	EndGlobalSection
	GlobalSection(SolutionProperties) = preSolution
		HideSolutionNode = FALSE
	EndGlobalSection
	GlobalSection(ExtensibilityGlobals) = postSolution
		SolutionGuid = {17CA689B-866A-43B0-A427-876D40DECA58}
	EndGlobalSection
EndGlobal
