
Microsoft Visual Studio Solution File, Format Version 12.00
# Visual Studio 15
VisualStudioVersion = 15.0.27703.2000
MinimumVisualStudioVersion = 10.0.40219.1
Project("{9A19103F-16F7-4668-BE54-9A1E7A4F7556}") = "Opdracht1", "Opdracht1\Opdracht1.csproj", "{9842D709-74B1-4DC2-A80B-B5A7A7A29C4C}"
EndProject
Project("{9A19103F-16F7-4668-BE54-9A1E7A4F7556}") = "Opdracht0", "Opdracht0\Opdracht0.csproj", "{C0610D31-E0C7-4621-AFC6-EF7BCA8F0601}"
EndProject
Project("{9A19103F-16F7-4668-BE54-9A1E7A4F7556}") = "Opdracht2", "Opdracht2\Opdracht2.csproj", "{36B72B41-DB3A-4F76-8CA8-3A272793D4D6}"
EndProject
Project("{FAE04EC0-301F-11D3-BF4B-00C04F79EFBC}") = "Opdracht3", "Opdracht3\Opdracht3.csproj", "{97D1C269-0578-46D2-A2E8-84C34C0A924D}"
EndProject
Global
	GlobalSection(SolutionConfigurationPlatforms) = preSolution
		Debug|Any CPU = Debug|Any CPU
		Release|Any CPU = Release|Any CPU
	EndGlobalSection
	GlobalSection(ProjectConfigurationPlatforms) = postSolution
		{9842D709-74B1-4DC2-A80B-B5A7A7A29C4C}.Debug|Any CPU.ActiveCfg = Debug|Any CPU
		{9842D709-74B1-4DC2-A80B-B5A7A7A29C4C}.Debug|Any CPU.Build.0 = Debug|Any CPU
		{9842D709-74B1-4DC2-A80B-B5A7A7A29C4C}.Release|Any CPU.ActiveCfg = Release|Any CPU
		{9842D709-74B1-4DC2-A80B-B5A7A7A29C4C}.Release|Any CPU.Build.0 = Release|Any CPU
		{C0610D31-E0C7-4621-AFC6-EF7BCA8F0601}.Debug|Any CPU.ActiveCfg = Debug|Any CPU
		{C0610D31-E0C7-4621-AFC6-EF7BCA8F0601}.Debug|Any CPU.Build.0 = Debug|Any CPU
		{C0610D31-E0C7-4621-AFC6-EF7BCA8F0601}.Release|Any CPU.ActiveCfg = Release|Any CPU
		{C0610D31-E0C7-4621-AFC6-EF7BCA8F0601}.Release|Any CPU.Build.0 = Release|Any CPU
		{36B72B41-DB3A-4F76-8CA8-3A272793D4D6}.Debug|Any CPU.ActiveCfg = Debug|Any CPU
		{36B72B41-DB3A-4F76-8CA8-3A272793D4D6}.Debug|Any CPU.Build.0 = Debug|Any CPU
		{36B72B41-DB3A-4F76-8CA8-3A272793D4D6}.Release|Any CPU.ActiveCfg = Release|Any CPU
		{36B72B41-DB3A-4F76-8CA8-3A272793D4D6}.Release|Any CPU.Build.0 = Release|Any CPU
		{97D1C269-0578-46D2-A2E8-84C34C0A924D}.Debug|Any CPU.ActiveCfg = Debug|Any CPU
		{97D1C269-0578-46D2-A2E8-84C34C0A924D}.Debug|Any CPU.Build.0 = Debug|Any CPU
		{97D1C269-0578-46D2-A2E8-84C34C0A924D}.Release|Any CPU.ActiveCfg = Release|Any CPU
		{97D1C269-0578-46D2-A2E8-84C34C0A924D}.Release|Any CPU.Build.0 = Release|Any CPU
	EndGlobalSection
	GlobalSection(SolutionProperties) = preSolution
		HideSolutionNode = FALSE
	EndGlobalSection
	GlobalSection(ExtensibilityGlobals) = postSolution
		SolutionGuid = {E7B26C95-6CDF-41BD-A8C1-D66D4C3A531E}
	EndGlobalSection
EndGlobal
