
Microsoft Visual Studio Solution File, Format Version 12.00
# Visual Studio 15
VisualStudioVersion = 15.0.28307.136
MinimumVisualStudioVersion = 10.0.40219.1
Project("{9A19103F-16F7-4668-BE54-9A1E7A4F7556}") = "Opdracht1", "Opdracht1\Opdracht1.csproj", "{40F8F758-1EF7-4EC1-BD23-621E37EE8407}"
EndProject
Global
	GlobalSection(SolutionConfigurationPlatforms) = preSolution
		Debug|Any CPU = Debug|Any CPU
		Release|Any CPU = Release|Any CPU
	EndGlobalSection
	GlobalSection(ProjectConfigurationPlatforms) = postSolution
		{40F8F758-1EF7-4EC1-BD23-621E37EE8407}.Debug|Any CPU.ActiveCfg = Debug|Any CPU
		{40F8F758-1EF7-4EC1-BD23-621E37EE8407}.Debug|Any CPU.Build.0 = Debug|Any CPU
		{40F8F758-1EF7-4EC1-BD23-621E37EE8407}.Release|Any CPU.ActiveCfg = Release|Any CPU
		{40F8F758-1EF7-4EC1-BD23-621E37EE8407}.Release|Any CPU.Build.0 = Release|Any CPU
	EndGlobalSection
	GlobalSection(SolutionProperties) = preSolution
		HideSolutionNode = FALSE
	EndGlobalSection
	GlobalSection(ExtensibilityGlobals) = postSolution
		SolutionGuid = {7052BE85-1648-4E2E-B6FB-0A724C1063C8}
	EndGlobalSection
EndGlobal
